
Microsoft Visual Studio Solution File, Format Version 12.00
# Visual Studio Version 17
VisualStudioVersion = 17.3.32929.385
MinimumVisualStudioVersion = 10.0.40219.1
Project("{FAE04EC0-301F-11D3-BF4B-00C04F79EFBC}") = "M11Lab_EmreKarakaş", "M11Lab_EmreKarakaş.csproj", "{AED59BFF-16D9-4BA2-8A90-786DFABCE9D9}"
EndProject
Global
	GlobalSection(SolutionConfigurationPlatforms) = preSolution
		Debug|Any CPU = Debug|Any CPU
		Release|Any CPU = Release|Any CPU
	EndGlobalSection
	GlobalSection(ProjectConfigurationPlatforms) = postSolution
		{AED59BFF-16D9-4BA2-8A90-786DFABCE9D9}.Debug|Any CPU.ActiveCfg = Debug|Any CPU
		{AED59BFF-16D9-4BA2-8A90-786DFABCE9D9}.Debug|Any CPU.Build.0 = Debug|Any CPU
		{AED59BFF-16D9-4BA2-8A90-786DFABCE9D9}.Release|Any CPU.ActiveCfg = Release|Any CPU
		{AED59BFF-16D9-4BA2-8A90-786DFABCE9D9}.Release|Any CPU.Build.0 = Release|Any CPU
	EndGlobalSection
	GlobalSection(SolutionProperties) = preSolution
		HideSolutionNode = FALSE
	EndGlobalSection
	GlobalSection(ExtensibilityGlobals) = postSolution
		SolutionGuid = {EE0C5A8F-F3A2-4A1F-81C7-C54453627530}
	EndGlobalSection
EndGlobal
